
Microsoft Visual Studio Solution File, Format Version 12.00
# Visual Studio 15
VisualStudioVersion = 15.0.28010.2003
MinimumVisualStudioVersion = 10.0.40219.1
Project("{FAE04EC0-301F-11D3-BF4B-00C04F79EFBC}") = "ClassLibWinForms", "ClassLibWinForms\ClassLibWinForms.csproj", "{C23EF972-7A9F-4AE7-87E4-6C51B1A9911D}"
EndProject
Project("{FAE04EC0-301F-11D3-BF4B-00C04F79EFBC}") = "MainApp", "MainApp\MainApp.csproj", "{550654E7-6CA4-4314-94C4-12CFAD47C1A4}"
EndProject
Global
	GlobalSection(SolutionConfigurationPlatforms) = preSolution
		Debug|Any CPU = Debug|Any CPU
		Release|Any CPU = Release|Any CPU
	EndGlobalSection
	GlobalSection(ProjectConfigurationPlatforms) = postSolution
		{C23EF972-7A9F-4AE7-87E4-6C51B1A9911D}.Debug|Any CPU.ActiveCfg = Debug|Any CPU
		{C23EF972-7A9F-4AE7-87E4-6C51B1A9911D}.Debug|Any CPU.Build.0 = Debug|Any CPU
		{C23EF972-7A9F-4AE7-87E4-6C51B1A9911D}.Release|Any CPU.ActiveCfg = Release|Any CPU
		{C23EF972-7A9F-4AE7-87E4-6C51B1A9911D}.Release|Any CPU.Build.0 = Release|Any CPU
		{550654E7-6CA4-4314-94C4-12CFAD47C1A4}.Debug|Any CPU.ActiveCfg = Debug|Any CPU
		{550654E7-6CA4-4314-94C4-12CFAD47C1A4}.Debug|Any CPU.Build.0 = Debug|Any CPU
		{550654E7-6CA4-4314-94C4-12CFAD47C1A4}.Release|Any CPU.ActiveCfg = Release|Any CPU
		{550654E7-6CA4-4314-94C4-12CFAD47C1A4}.Release|Any CPU.Build.0 = Release|Any CPU
	EndGlobalSection
	GlobalSection(SolutionProperties) = preSolution
		HideSolutionNode = FALSE
	EndGlobalSection
	GlobalSection(ExtensibilityGlobals) = postSolution
		SolutionGuid = {0249E342-C2E5-4FF3-841E-58681CB6A3F3}
	EndGlobalSection
EndGlobal
